<?xml version="1.0" encoding="utf-8"?>
<Project ToolsVersion="4.0" xmlns="http://schemas.microsoft.com/developer/msbuild/2003">
  <ItemGroup>
    <Filter Include="Libraries">
      <UniqueIdentifier>{3e01f745-586b-4836-bbfc-edc831620b7a}</UniqueIdentifier>
    </Filter>
    <Filter Include="Source">
      <UniqueIdentifier>{4FC737F1-C7A5-4376-A066-2A32D752A2FF}</UniqueIdentifier>
      <Extensions>cpp;c;cc;cxx;def;odl;idl;hpj;bat;asm;asmx</Extensions>
    </Filter>
  </ItemGroup>
  <ItemGroup>
    <ClCompile Include="..\src\main.cpp">
      <Filter>Source</Filter>
    </ClCompile>
    <ClCompile Include="..\src\lib_impl.cpp">
      <Filter>Source</Filter>
    </ClCompile>
    <ClCompile Include="..\src\sphere.cpp">
      <Filter>Source</Filter>
    </ClCompile>
    <ClCompile Include="..\src\intersectable.cpp">
      <Filter>Source</Filter>
    </ClCompile>
    <ClCompile Include="..\src\material.cpp">
      <Filter>Source</Filter>
    </ClCompile>
    <ClCompile Include="..\src\camera.cpp">
      <Filter>Source</Filter>
    </ClCompile>
    <ClCompile Include="..\src\quat.cpp">
      <Filter>Source</Filter>
    </ClCompile>
    <ClCompile Include="..\src\bvh.cpp">
      <Filter>Source</Filter>
    </ClCompile>
    <ClCompile Include="..\src\noise.cpp">
      <Filter>Source</Filter>
    </ClCompile>
    <ClCompile Include="..\src\rectangle.cpp">
      <Filter>Source</Filter>
    </ClCompile>
    <ClCompile Include="..\src\vec.cpp">
      <Filter>Source</Filter>
    </ClCompile>
    <ClCompile Include="..\src\box.cpp">
      <Filter>Source</Filter>
    </ClCompile>
    <ClCompile Include="..\src\funcs.cpp">
      <Filter>Source</Filter>
    </ClCompile>
    <ClCompile Include="..\src\pdf.cpp">
      <Filter>Source</Filter>
    </ClCompile>
  </ItemGroup>
  <ItemGroup>
    <ClInclude Include="..\libraries\stb_image_write.h">
      <Filter>Libraries</Filter>
    </ClInclude>
    <ClInclude Include="..\src\quat.h">
      <Filter>Source</Filter>
    </ClInclude>
    <ClInclude Include="..\src\ray.h">
      <Filter>Source</Filter>
    </ClInclude>
    <ClInclude Include="..\src\vec3.h">
      <Filter>Source</Filter>
    </ClInclude>
    <ClInclude Include="..\src\mat4.h">
      <Filter>Source</Filter>
    </ClInclude>
    <ClInclude Include="..\src\vec4.h">
      <Filter>Source</Filter>
    </ClInclude>
    <ClInclude Include="..\src\mat3.h">
      <Filter>Source</Filter>
    </ClInclude>
    <ClInclude Include="..\src\funcs.h">
      <Filter>Source</Filter>
    </ClInclude>
    <ClInclude Include="..\src\intersectable.h">
      <Filter>Source</Filter>
    </ClInclude>
    <ClInclude Include="..\src\sphere.h">
      <Filter>Source</Filter>
    </ClInclude>
    <ClInclude Include="..\src\camera.h">
      <Filter>Source</Filter>
    </ClInclude>
    <ClInclude Include="..\src\material.h">
      <Filter>Source</Filter>
    </ClInclude>
    <ClInclude Include="..\src\aabb.h">
      <Filter>Source</Filter>
    </ClInclude>
    <ClInclude Include="..\src\bvh.h">
      <Filter>Source</Filter>
    </ClInclude>
    <ClInclude Include="..\src\texture.h">
      <Filter>Source</Filter>
    </ClInclude>
    <ClInclude Include="..\src\noise.h">
      <Filter>Source</Filter>
    </ClInclude>
    <ClInclude Include="..\libraries\stb_image.h">
      <Filter>Libraries</Filter>
    </ClInclude>
    <ClInclude Include="..\src\rectangle.h">
      <Filter>Source</Filter>
    </ClInclude>
    <ClInclude Include="..\src\vec2.h">
      <Filter>Source</Filter>
    </ClInclude>
    <ClInclude Include="..\src\box.h">
      <Filter>Source</Filter>
    </ClInclude>
    <ClInclude Include="..\src\pdf.h">
      <Filter>Source</Filter>
    </ClInclude>
  </ItemGroup>
  <ItemGroup>
    <None Include="..\README.md" />
  </ItemGroup>
</Project>